
Microsoft Visual Studio Solution File, Format Version 12.00
# Visual Studio Version 17
VisualStudioVersion = 17.9.34622.214
MinimumVisualStudioVersion = 10.0.40219.1
Project("{FAE04EC0-301F-11D3-BF4B-00C04F79EFBC}") = "SoftUniSpaceConsoleWebApp", "SoftUniSpaceConsoleWebApp.csproj", "{5D2E1796-4A06-4C13-90A4-5D71C5A374A3}"
EndProject
Global
	GlobalSection(SolutionConfigurationPlatforms) = preSolution
		Debug|Any CPU = Debug|Any CPU
		Release|Any CPU = Release|Any CPU
	EndGlobalSection
	GlobalSection(ProjectConfigurationPlatforms) = postSolution
		{5D2E1796-4A06-4C13-90A4-5D71C5A374A3}.Debug|Any CPU.ActiveCfg = Debug|Any CPU
		{5D2E1796-4A06-4C13-90A4-5D71C5A374A3}.Debug|Any CPU.Build.0 = Debug|Any CPU
		{5D2E1796-4A06-4C13-90A4-5D71C5A374A3}.Release|Any CPU.ActiveCfg = Release|Any CPU
		{5D2E1796-4A06-4C13-90A4-5D71C5A374A3}.Release|Any CPU.Build.0 = Release|Any CPU
	EndGlobalSection
	GlobalSection(SolutionProperties) = preSolution
		HideSolutionNode = FALSE
	EndGlobalSection
	GlobalSection(ExtensibilityGlobals) = postSolution
		SolutionGuid = {A6A8B82D-4840-41A2-8DE8-81130440B5BA}
	EndGlobalSection
EndGlobal
